
Microsoft Visual Studio Solution File, Format Version 12.00
# Visual Studio Version 16
VisualStudioVersion = 16.0.808.0
MinimumVisualStudioVersion = 10.0.40219.1
Project("{FAE04EC0-301F-11D3-BF4B-00C04F79EFBC}") = "DarkModeSample.Android", "DarkModeSample.Android\DarkModeSample.Android.csproj", "{A059EFA8-EAD0-40EF-A699-B0C581FEE91F}"
EndProject
Project("{FAE04EC0-301F-11D3-BF4B-00C04F79EFBC}") = "DarkModeSample.iOS", "DarkModeSample.iOS\DarkModeSample.iOS.csproj", "{BC10511A-FA4C-4597-B4F7-B7BB16DD26A9}"
EndProject
Project("{FAE04EC0-301F-11D3-BF4B-00C04F79EFBC}") = "DarkModeSample", "DarkModeSample\DarkModeSample.csproj", "{768CFD95-D1F0-4B21-9C85-4149F856383B}"
EndProject
Global
	GlobalSection(SolutionConfigurationPlatforms) = preSolution
		Debug|Any CPU = Debug|Any CPU
		Release|Any CPU = Release|Any CPU
		Debug|iPhoneSimulator = Debug|iPhoneSimulator
		Release|iPhoneSimulator = Release|iPhoneSimulator
		Debug|iPhone = Debug|iPhone
		Release|iPhone = Release|iPhone
	EndGlobalSection
	GlobalSection(ProjectConfigurationPlatforms) = postSolution
		{A059EFA8-EAD0-40EF-A699-B0C581FEE91F}.Debug|Any CPU.ActiveCfg = Debug|Any CPU
		{A059EFA8-EAD0-40EF-A699-B0C581FEE91F}.Debug|Any CPU.Build.0 = Debug|Any CPU
		{A059EFA8-EAD0-40EF-A699-B0C581FEE91F}.Release|Any CPU.ActiveCfg = Release|Any CPU
		{A059EFA8-EAD0-40EF-A699-B0C581FEE91F}.Release|Any CPU.Build.0 = Release|Any CPU
		{A059EFA8-EAD0-40EF-A699-B0C581FEE91F}.Debug|iPhoneSimulator.ActiveCfg = Debug|Any CPU
		{A059EFA8-EAD0-40EF-A699-B0C581FEE91F}.Debug|iPhoneSimulator.Build.0 = Debug|Any CPU
		{A059EFA8-EAD0-40EF-A699-B0C581FEE91F}.Release|iPhoneSimulator.ActiveCfg = Release|Any CPU
		{A059EFA8-EAD0-40EF-A699-B0C581FEE91F}.Release|iPhoneSimulator.Build.0 = Release|Any CPU
		{A059EFA8-EAD0-40EF-A699-B0C581FEE91F}.Debug|iPhone.ActiveCfg = Debug|Any CPU
		{A059EFA8-EAD0-40EF-A699-B0C581FEE91F}.Debug|iPhone.Build.0 = Debug|Any CPU
		{A059EFA8-EAD0-40EF-A699-B0C581FEE91F}.Release|iPhone.ActiveCfg = Release|Any CPU
		{A059EFA8-EAD0-40EF-A699-B0C581FEE91F}.Release|iPhone.Build.0 = Release|Any CPU
		{BC10511A-FA4C-4597-B4F7-B7BB16DD26A9}.Debug|Any CPU.ActiveCfg = Debug|iPhoneSimulator
		{BC10511A-FA4C-4597-B4F7-B7BB16DD26A9}.Debug|Any CPU.Build.0 = Debug|iPhoneSimulator
		{BC10511A-FA4C-4597-B4F7-B7BB16DD26A9}.Release|Any CPU.ActiveCfg = Release|iPhoneSimulator
		{BC10511A-FA4C-4597-B4F7-B7BB16DD26A9}.Release|Any CPU.Build.0 = Release|iPhoneSimulator
		{BC10511A-FA4C-4597-B4F7-B7BB16DD26A9}.Debug|iPhoneSimulator.ActiveCfg = Debug|iPhoneSimulator
		{BC10511A-FA4C-4597-B4F7-B7BB16DD26A9}.Debug|iPhoneSimulator.Build.0 = Debug|iPhoneSimulator
		{BC10511A-FA4C-4597-B4F7-B7BB16DD26A9}.Release|iPhoneSimulator.ActiveCfg = Release|iPhoneSimulator
		{BC10511A-FA4C-4597-B4F7-B7BB16DD26A9}.Release|iPhoneSimulator.Build.0 = Release|iPhoneSimulator
		{BC10511A-FA4C-4597-B4F7-B7BB16DD26A9}.Debug|iPhone.ActiveCfg = Debug|iPhone
		{BC10511A-FA4C-4597-B4F7-B7BB16DD26A9}.Debug|iPhone.Build.0 = Debug|iPhone
		{BC10511A-FA4C-4597-B4F7-B7BB16DD26A9}.Release|iPhone.ActiveCfg = Release|iPhone
		{BC10511A-FA4C-4597-B4F7-B7BB16DD26A9}.Release|iPhone.Build.0 = Release|iPhone
		{768CFD95-D1F0-4B21-9C85-4149F856383B}.Debug|Any CPU.ActiveCfg = Debug|Any CPU
		{768CFD95-D1F0-4B21-9C85-4149F856383B}.Debug|Any CPU.Build.0 = Debug|Any CPU
		{768CFD95-D1F0-4B21-9C85-4149F856383B}.Release|Any CPU.ActiveCfg = Release|Any CPU
		{768CFD95-D1F0-4B21-9C85-4149F856383B}.Release|Any CPU.Build.0 = Release|Any CPU
		{768CFD95-D1F0-4B21-9C85-4149F856383B}.Debug|iPhoneSimulator.ActiveCfg = Debug|Any CPU
		{768CFD95-D1F0-4B21-9C85-4149F856383B}.Debug|iPhoneSimulator.Build.0 = Debug|Any CPU
		{768CFD95-D1F0-4B21-9C85-4149F856383B}.Release|iPhoneSimulator.ActiveCfg = Release|Any CPU
		{768CFD95-D1F0-4B21-9C85-4149F856383B}.Release|iPhoneSimulator.Build.0 = Release|Any CPU
		{768CFD95-D1F0-4B21-9C85-4149F856383B}.Debug|iPhone.ActiveCfg = Debug|Any CPU
		{768CFD95-D1F0-4B21-9C85-4149F856383B}.Debug|iPhone.Build.0 = Debug|Any CPU
		{768CFD95-D1F0-4B21-9C85-4149F856383B}.Release|iPhone.ActiveCfg = Release|Any CPU
		{768CFD95-D1F0-4B21-9C85-4149F856383B}.Release|iPhone.Build.0 = Release|Any CPU
	EndGlobalSection
	GlobalSection(SolutionProperties) = preSolution
		HideSolutionNode = FALSE
	EndGlobalSection
	GlobalSection(ExtensibilityGlobals) = postSolution
		SolutionGuid = {74E90823-8077-4375-A8E2-C9F75032E99A}
	EndGlobalSection
EndGlobal
